
Microsoft Visual Studio Solution File, Format Version 12.00
# Visual Studio 14
VisualStudioVersion = 14.0.25420.1
MinimumVisualStudioVersion = 10.0.40219.1
Project("{FAE04EC0-301F-11D3-BF4B-00C04F79EFBC}") = "LBHH_RED_INTERFACE", "LBHH_INTERFACE\LBHH_RED_INTERFACE.csproj", "{68A2B3C1-6BC8-41F2-9A8D-8BFD4332EC58}"
EndProject
Global
	GlobalSection(SolutionConfigurationPlatforms) = preSolution
		Debug|Any CPU = Debug|Any CPU
		Release|Any CPU = Release|Any CPU
	EndGlobalSection
	GlobalSection(ProjectConfigurationPlatforms) = postSolution
		{68A2B3C1-6BC8-41F2-9A8D-8BFD4332EC58}.Debug|Any CPU.ActiveCfg = Debug|Any CPU
		{68A2B3C1-6BC8-41F2-9A8D-8BFD4332EC58}.Debug|Any CPU.Build.0 = Debug|Any CPU
		{68A2B3C1-6BC8-41F2-9A8D-8BFD4332EC58}.Release|Any CPU.ActiveCfg = Release|Any CPU
		{68A2B3C1-6BC8-41F2-9A8D-8BFD4332EC58}.Release|Any CPU.Build.0 = Release|Any CPU
	EndGlobalSection
	GlobalSection(SolutionProperties) = preSolution
		HideSolutionNode = FALSE
	EndGlobalSection
EndGlobal
