
Microsoft Visual Studio Solution File, Format Version 12.00
# Visual Studio Version 17
VisualStudioVersion = 17.5.002.0
MinimumVisualStudioVersion = 10.0.40219.1
Project("{9A19103F-16F7-4668-BE54-9A1E7A4F7556}") = "LBHH_RED_INTERFACE", "LBHH_RED_INTERFACE.csproj", "{C357D488-F584-4BEF-9DC9-48DD92158BFD}"
EndProject
Global
	GlobalSection(SolutionConfigurationPlatforms) = preSolution
		Debug|Any CPU = Debug|Any CPU
		Release|Any CPU = Release|Any CPU
	EndGlobalSection
	GlobalSection(ProjectConfigurationPlatforms) = postSolution
		{C357D488-F584-4BEF-9DC9-48DD92158BFD}.Debug|Any CPU.ActiveCfg = Debug|Any CPU
		{C357D488-F584-4BEF-9DC9-48DD92158BFD}.Debug|Any CPU.Build.0 = Debug|Any CPU
		{C357D488-F584-4BEF-9DC9-48DD92158BFD}.Release|Any CPU.ActiveCfg = Release|Any CPU
		{C357D488-F584-4BEF-9DC9-48DD92158BFD}.Release|Any CPU.Build.0 = Release|Any CPU
	EndGlobalSection
	GlobalSection(SolutionProperties) = preSolution
		HideSolutionNode = FALSE
	EndGlobalSection
	GlobalSection(ExtensibilityGlobals) = postSolution
		SolutionGuid = {F5E47215-8B00-4399-9DAC-7EAA9754C8EC}
	EndGlobalSection
EndGlobal
